
Microsoft Visual Studio Solution File, Format Version 12.00
# Visual Studio Version 17
VisualStudioVersion = 17.7.34031.279
MinimumVisualStudioVersion = 10.0.40219.1
Project("{FAE04EC0-301F-11D3-BF4B-00C04F79EFBC}") = "DotNetBasicCrudApi", "DotNetBasicCrudApi\DotNetBasicCrudApi.csproj", "{87DD380B-E18E-4748-B707-E566F6E4D943}"
EndProject
Global
	GlobalSection(SolutionConfigurationPlatforms) = preSolution
		Debug|Any CPU = Debug|Any CPU
		Release|Any CPU = Release|Any CPU
	EndGlobalSection
	GlobalSection(ProjectConfigurationPlatforms) = postSolution
		{87DD380B-E18E-4748-B707-E566F6E4D943}.Debug|Any CPU.ActiveCfg = Debug|Any CPU
		{87DD380B-E18E-4748-B707-E566F6E4D943}.Debug|Any CPU.Build.0 = Debug|Any CPU
		{87DD380B-E18E-4748-B707-E566F6E4D943}.Release|Any CPU.ActiveCfg = Release|Any CPU
		{87DD380B-E18E-4748-B707-E566F6E4D943}.Release|Any CPU.Build.0 = Release|Any CPU
	EndGlobalSection
	GlobalSection(SolutionProperties) = preSolution
		HideSolutionNode = FALSE
	EndGlobalSection
	GlobalSection(ExtensibilityGlobals) = postSolution
		SolutionGuid = {DA61EFA1-2742-4F98-9721-1CDBD79E4CE3}
	EndGlobalSection
EndGlobal
